
Microsoft Visual Studio Solution File, Format Version 12.00
# Visual Studio Version 17
VisualStudioVersion = 17.2.32630.192
MinimumVisualStudioVersion = 10.0.40219.1
Project("{9A19103F-16F7-4668-BE54-9A1E7A4F7556}") = "ParteII", "ParteII\ParteII.csproj", "{213E8EE0-04D0-4B21-A863-336C0E904AE0}"
EndProject
Project("{9A19103F-16F7-4668-BE54-9A1E7A4F7556}") = "ParteI", "ParteI\ParteI.csproj", "{B9D313BD-1FA0-4652-940A-0D4D6A599AA6}"
EndProject
Project("{9A19103F-16F7-4668-BE54-9A1E7A4F7556}") = "ParteIII", "ParteIII\ParteIII.csproj", "{042E92BC-D1C2-4D47-B73C-2D245240CFD5}"
EndProject
Global
	GlobalSection(SolutionConfigurationPlatforms) = preSolution
		Debug|Any CPU = Debug|Any CPU
		Release|Any CPU = Release|Any CPU
	EndGlobalSection
	GlobalSection(ProjectConfigurationPlatforms) = postSolution
		{213E8EE0-04D0-4B21-A863-336C0E904AE0}.Debug|Any CPU.ActiveCfg = Debug|Any CPU
		{213E8EE0-04D0-4B21-A863-336C0E904AE0}.Debug|Any CPU.Build.0 = Debug|Any CPU
		{213E8EE0-04D0-4B21-A863-336C0E904AE0}.Release|Any CPU.ActiveCfg = Release|Any CPU
		{213E8EE0-04D0-4B21-A863-336C0E904AE0}.Release|Any CPU.Build.0 = Release|Any CPU
		{B9D313BD-1FA0-4652-940A-0D4D6A599AA6}.Debug|Any CPU.ActiveCfg = Debug|Any CPU
		{B9D313BD-1FA0-4652-940A-0D4D6A599AA6}.Debug|Any CPU.Build.0 = Debug|Any CPU
		{B9D313BD-1FA0-4652-940A-0D4D6A599AA6}.Release|Any CPU.ActiveCfg = Release|Any CPU
		{B9D313BD-1FA0-4652-940A-0D4D6A599AA6}.Release|Any CPU.Build.0 = Release|Any CPU
		{042E92BC-D1C2-4D47-B73C-2D245240CFD5}.Debug|Any CPU.ActiveCfg = Debug|Any CPU
		{042E92BC-D1C2-4D47-B73C-2D245240CFD5}.Debug|Any CPU.Build.0 = Debug|Any CPU
		{042E92BC-D1C2-4D47-B73C-2D245240CFD5}.Release|Any CPU.ActiveCfg = Release|Any CPU
		{042E92BC-D1C2-4D47-B73C-2D245240CFD5}.Release|Any CPU.Build.0 = Release|Any CPU
	EndGlobalSection
	GlobalSection(SolutionProperties) = preSolution
		HideSolutionNode = FALSE
	EndGlobalSection
	GlobalSection(ExtensibilityGlobals) = postSolution
		SolutionGuid = {4B365126-3E98-417C-B969-8E1AF74C92B0}
	EndGlobalSection
EndGlobal
